<?xml version="1.0" encoding="UTF-8"?>
<Project ToolsVersion="12.0" xmlns="http://schemas.microsoft.com/developer/msbuild/2003">
  <ItemGroup>
    <ClCompile Include="C:\Users\GreenHat\Desktop\oit-master\ingredients\vboteapotpatch.cpp">
      <Filter>Source Files</Filter>
    </ClCompile>
    <ClCompile Include="C:\Users\GreenHat\Desktop\oit-master\ingredients\vboteapot.cpp">
      <Filter>Source Files</Filter>
    </ClCompile>
    <ClCompile Include="C:\Users\GreenHat\Desktop\oit-master\ingredients\drawable.cpp">
      <Filter>Source Files</Filter>
    </ClCompile>
    <ClCompile Include="C:\Users\GreenHat\Desktop\oit-master\ingredients\vbomeshadj.cpp">
      <Filter>Source Files</Filter>
    </ClCompile>
    <ClCompile Include="C:\Users\GreenHat\Desktop\oit-master\ingredients\vbotorus.cpp">
      <Filter>Source Files</Filter>
    </ClCompile>
    <ClCompile Include="C:\Users\GreenHat\Desktop\oit-master\ingredients\glutils.cpp">
      <Filter>Source Files</Filter>
    </ClCompile>
    <ClCompile Include="C:\Users\GreenHat\Desktop\oit-master\ingredients\vbomesh.cpp">
      <Filter>Source Files</Filter>
    </ClCompile>
    <ClCompile Include="C:\Users\GreenHat\Desktop\oit-master\ingredients\glslprogram.cpp">
      <Filter>Source Files</Filter>
    </ClCompile>
    <ClCompile Include="C:\Users\GreenHat\Desktop\oit-master\ingredients\vbocube.cpp">
      <Filter>Source Files</Filter>
    </ClCompile>
    <ClCompile Include="C:\Users\GreenHat\Desktop\oit-master\ingredients\vboplane.cpp">
      <Filter>Source Files</Filter>
    </ClCompile>
    <ClCompile Include="C:\Users\GreenHat\Desktop\oit-master\ingredients\vbosphere.cpp">
      <Filter>Source Files</Filter>
    </ClCompile>
    <ClCompile Include="C:\Users\GreenHat\Desktop\oit-master\ingredients\bmpreader.cpp">
      <Filter>Source Files</Filter>
    </ClCompile>
    <ClCompile Include="C:\Users\GreenHat\Desktop\oit-master\ingredients\tgaio.cpp">
      <Filter>Source Files</Filter>
    </ClCompile>
    <ClCompile Include="C:\Users\GreenHat\Desktop\oit-master\ingredients\gl_core_4_4.c">
      <Filter>Source Files</Filter>
    </ClCompile>
  </ItemGroup>
  <ItemGroup>
    <CustomBuild Include="C:\Users\GreenHat\Desktop\oit-master\ingredients\CMakeLists.txt" />
  </ItemGroup>
  <ItemGroup>
    <Filter Include="Source Files">
      <UniqueIdentifier>{1EF755EE-D063-47CF-836E-21C98D595C48}</UniqueIdentifier>
    </Filter>
  </ItemGroup>
</Project>
